
Microsoft Visual Studio Solution File, Format Version 12.00
# Visual Studio Version 17
VisualStudioVersion = 17.14.37111.16 d17.14
MinimumVisualStudioVersion = 10.0.40219.1
Project("{FAE04EC0-301F-11D3-BF4B-00C04F79EFBC}") = "Calculeur Age", "Calculeur Age\Calculeur Age.csproj", "{94F4C052-8B01-4549-B691-CA4D463D5AEC}"
EndProject
Global
	GlobalSection(SolutionConfigurationPlatforms) = preSolution
		Debug|Any CPU = Debug|Any CPU
		Release|Any CPU = Release|Any CPU
	EndGlobalSection
	GlobalSection(ProjectConfigurationPlatforms) = postSolution
		{94F4C052-8B01-4549-B691-CA4D463D5AEC}.Debug|Any CPU.ActiveCfg = Debug|Any CPU
		{94F4C052-8B01-4549-B691-CA4D463D5AEC}.Debug|Any CPU.Build.0 = Debug|Any CPU
		{94F4C052-8B01-4549-B691-CA4D463D5AEC}.Release|Any CPU.ActiveCfg = Release|Any CPU
		{94F4C052-8B01-4549-B691-CA4D463D5AEC}.Release|Any CPU.Build.0 = Release|Any CPU
	EndGlobalSection
	GlobalSection(SolutionProperties) = preSolution
		HideSolutionNode = FALSE
	EndGlobalSection
	GlobalSection(ExtensibilityGlobals) = postSolution
		SolutionGuid = {B54C2D16-D1CE-4170-9FDD-171C146C124A}
	EndGlobalSection
EndGlobal
